
Microsoft Visual Studio Solution File, Format Version 12.00
# Visual Studio 15
VisualStudioVersion = 15.0.28307.572
MinimumVisualStudioVersion = 10.0.40219.1
Project("{8BC9CEB8-8B4A-11D0-8D11-00A0C91BC942}") = "string", "StandartTemplateLibrary\StandartTemplateLibrary.vcxproj", "{8046DB48-2FB4-450F-ABE4-6EDD846AA39F}"
EndProject
Project("{8BC9CEB8-8B4A-11D0-8D11-00A0C91BC942}") = "vector", "vector\vector.vcxproj", "{2C96AA65-3E1B-416A-BC22-CAC28D410293}"
EndProject
Project("{8BC9CEB8-8B4A-11D0-8D11-00A0C91BC942}") = "map", "map\map.vcxproj", "{4AB1A7B3-F581-40FF-8421-67662A306681}"
EndProject
Project("{8BC9CEB8-8B4A-11D0-8D11-00A0C91BC942}") = "iterator", "iterator\iterator.vcxproj", "{B4B85678-ECBB-4D12-9CD4-DA8F745C54EB}"
EndProject
Project("{8BC9CEB8-8B4A-11D0-8D11-00A0C91BC942}") = "Project1", "Project1\Project1.vcxproj", "{A4F8F0F4-03FA-477A-95C3-94C5D70E5351}"
EndProject
Project("{8BC9CEB8-8B4A-11D0-8D11-00A0C91BC942}") = "vector_02", "vector_02\vector_02.vcxproj", "{F8F78E8E-4869-4FF8-85D8-911D1F3EC462}"
EndProject
Project("{8BC9CEB8-8B4A-11D0-8D11-00A0C91BC942}") = "list_02", "list_02\list_02.vcxproj", "{B0275239-2026-4306-9CF0-4DADB7AD78BC}"
EndProject
Project("{8BC9CEB8-8B4A-11D0-8D11-00A0C91BC942}") = "stl_map_02", "stl_map_02\stl_map_02.vcxproj", "{D2BEA506-E76D-4131-BF5F-31A8FE08D5FF}"
EndProject
Project("{8BC9CEB8-8B4A-11D0-8D11-00A0C91BC942}") = "stl_multimap_01", "stl_multimap_01\stl_multimap_01.vcxproj", "{22BF88D9-5A09-4F24-9DA6-90EC5DFA46E6}"
EndProject
Project("{8BC9CEB8-8B4A-11D0-8D11-00A0C91BC942}") = "functors", "functors\functors.vcxproj", "{9CFB9C14-2657-468A-A0E5-B0E14A4ADA8C}"
EndProject
Project("{8BC9CEB8-8B4A-11D0-8D11-00A0C91BC942}") = "algorithms", "algorithms\algorithms.vcxproj", "{891E3C76-37E6-47D7-BA9F-0FE5EF2C16A1}"
EndProject
Project("{8BC9CEB8-8B4A-11D0-8D11-00A0C91BC942}") = "card_deck", "card_deck\card_deck.vcxproj", "{9C6813F7-5963-4469-92D7-5BA50859ABC1}"
EndProject
Project("{8BC9CEB8-8B4A-11D0-8D11-00A0C91BC942}") = "lambda_expression", "lambda_expression\lambda_expression.vcxproj", "{6C5CF836-D920-43A9-A239-63B3C5AB38E1}"
EndProject
Project("{8BC9CEB8-8B4A-11D0-8D11-00A0C91BC942}") = "Queue_Stack", "Queue_Stack\Queue_Stack.vcxproj", "{A4CA70D1-3607-4BE8-B1E8-F5647421E8C4}"
EndProject
Project("{8BC9CEB8-8B4A-11D0-8D11-00A0C91BC942}") = "set_container", "set_container\set_container.vcxproj", "{D1E89343-874A-4C06-A1B4-4F78AC182F05}"
EndProject
Project("{8BC9CEB8-8B4A-11D0-8D11-00A0C91BC942}") = "map_dictionary", "map_dictionary\map_dictionary.vcxproj", "{539E3A1E-9201-40A3-BDA9-4802E9CD4221}"
EndProject
Global
	GlobalSection(SolutionConfigurationPlatforms) = preSolution
		Debug|x64 = Debug|x64
		Debug|x86 = Debug|x86
		Release|x64 = Release|x64
		Release|x86 = Release|x86
	EndGlobalSection
	GlobalSection(ProjectConfigurationPlatforms) = postSolution
		{8046DB48-2FB4-450F-ABE4-6EDD846AA39F}.Debug|x64.ActiveCfg = Debug|x64
		{8046DB48-2FB4-450F-ABE4-6EDD846AA39F}.Debug|x64.Build.0 = Debug|x64
		{8046DB48-2FB4-450F-ABE4-6EDD846AA39F}.Debug|x86.ActiveCfg = Debug|Win32
		{8046DB48-2FB4-450F-ABE4-6EDD846AA39F}.Debug|x86.Build.0 = Debug|Win32
		{8046DB48-2FB4-450F-ABE4-6EDD846AA39F}.Release|x64.ActiveCfg = Release|x64
		{8046DB48-2FB4-450F-ABE4-6EDD846AA39F}.Release|x64.Build.0 = Release|x64
		{8046DB48-2FB4-450F-ABE4-6EDD846AA39F}.Release|x86.ActiveCfg = Release|Win32
		{8046DB48-2FB4-450F-ABE4-6EDD846AA39F}.Release|x86.Build.0 = Release|Win32
		{2C96AA65-3E1B-416A-BC22-CAC28D410293}.Debug|x64.ActiveCfg = Debug|x64
		{2C96AA65-3E1B-416A-BC22-CAC28D410293}.Debug|x64.Build.0 = Debug|x64
		{2C96AA65-3E1B-416A-BC22-CAC28D410293}.Debug|x86.ActiveCfg = Debug|Win32
		{2C96AA65-3E1B-416A-BC22-CAC28D410293}.Debug|x86.Build.0 = Debug|Win32
		{2C96AA65-3E1B-416A-BC22-CAC28D410293}.Release|x64.ActiveCfg = Release|x64
		{2C96AA65-3E1B-416A-BC22-CAC28D410293}.Release|x64.Build.0 = Release|x64
		{2C96AA65-3E1B-416A-BC22-CAC28D410293}.Release|x86.ActiveCfg = Release|Win32
		{2C96AA65-3E1B-416A-BC22-CAC28D410293}.Release|x86.Build.0 = Release|Win32
		{4AB1A7B3-F581-40FF-8421-67662A306681}.Debug|x64.ActiveCfg = Debug|x64
		{4AB1A7B3-F581-40FF-8421-67662A306681}.Debug|x64.Build.0 = Debug|x64
		{4AB1A7B3-F581-40FF-8421-67662A306681}.Debug|x86.ActiveCfg = Debug|Win32
		{4AB1A7B3-F581-40FF-8421-67662A306681}.Debug|x86.Build.0 = Debug|Win32
		{4AB1A7B3-F581-40FF-8421-67662A306681}.Release|x64.ActiveCfg = Release|x64
		{4AB1A7B3-F581-40FF-8421-67662A306681}.Release|x64.Build.0 = Release|x64
		{4AB1A7B3-F581-40FF-8421-67662A306681}.Release|x86.ActiveCfg = Release|Win32
		{4AB1A7B3-F581-40FF-8421-67662A306681}.Release|x86.Build.0 = Release|Win32
		{B4B85678-ECBB-4D12-9CD4-DA8F745C54EB}.Debug|x64.ActiveCfg = Debug|x64
		{B4B85678-ECBB-4D12-9CD4-DA8F745C54EB}.Debug|x64.Build.0 = Debug|x64
		{B4B85678-ECBB-4D12-9CD4-DA8F745C54EB}.Debug|x86.ActiveCfg = Debug|Win32
		{B4B85678-ECBB-4D12-9CD4-DA8F745C54EB}.Debug|x86.Build.0 = Debug|Win32
		{B4B85678-ECBB-4D12-9CD4-DA8F745C54EB}.Release|x64.ActiveCfg = Release|x64
		{B4B85678-ECBB-4D12-9CD4-DA8F745C54EB}.Release|x64.Build.0 = Release|x64
		{B4B85678-ECBB-4D12-9CD4-DA8F745C54EB}.Release|x86.ActiveCfg = Release|Win32
		{B4B85678-ECBB-4D12-9CD4-DA8F745C54EB}.Release|x86.Build.0 = Release|Win32
		{A4F8F0F4-03FA-477A-95C3-94C5D70E5351}.Debug|x64.ActiveCfg = Debug|x64
		{A4F8F0F4-03FA-477A-95C3-94C5D70E5351}.Debug|x64.Build.0 = Debug|x64
		{A4F8F0F4-03FA-477A-95C3-94C5D70E5351}.Debug|x86.ActiveCfg = Debug|Win32
		{A4F8F0F4-03FA-477A-95C3-94C5D70E5351}.Debug|x86.Build.0 = Debug|Win32
		{A4F8F0F4-03FA-477A-95C3-94C5D70E5351}.Release|x64.ActiveCfg = Release|x64
		{A4F8F0F4-03FA-477A-95C3-94C5D70E5351}.Release|x64.Build.0 = Release|x64
		{A4F8F0F4-03FA-477A-95C3-94C5D70E5351}.Release|x86.ActiveCfg = Release|Win32
		{A4F8F0F4-03FA-477A-95C3-94C5D70E5351}.Release|x86.Build.0 = Release|Win32
		{F8F78E8E-4869-4FF8-85D8-911D1F3EC462}.Debug|x64.ActiveCfg = Debug|x64
		{F8F78E8E-4869-4FF8-85D8-911D1F3EC462}.Debug|x64.Build.0 = Debug|x64
		{F8F78E8E-4869-4FF8-85D8-911D1F3EC462}.Debug|x86.ActiveCfg = Debug|Win32
		{F8F78E8E-4869-4FF8-85D8-911D1F3EC462}.Debug|x86.Build.0 = Debug|Win32
		{F8F78E8E-4869-4FF8-85D8-911D1F3EC462}.Release|x64.ActiveCfg = Release|x64
		{F8F78E8E-4869-4FF8-85D8-911D1F3EC462}.Release|x64.Build.0 = Release|x64
		{F8F78E8E-4869-4FF8-85D8-911D1F3EC462}.Release|x86.ActiveCfg = Release|Win32
		{F8F78E8E-4869-4FF8-85D8-911D1F3EC462}.Release|x86.Build.0 = Release|Win32
		{B0275239-2026-4306-9CF0-4DADB7AD78BC}.Debug|x64.ActiveCfg = Debug|x64
		{B0275239-2026-4306-9CF0-4DADB7AD78BC}.Debug|x64.Build.0 = Debug|x64
		{B0275239-2026-4306-9CF0-4DADB7AD78BC}.Debug|x86.ActiveCfg = Debug|Win32
		{B0275239-2026-4306-9CF0-4DADB7AD78BC}.Debug|x86.Build.0 = Debug|Win32
		{B0275239-2026-4306-9CF0-4DADB7AD78BC}.Release|x64.ActiveCfg = Release|x64
		{B0275239-2026-4306-9CF0-4DADB7AD78BC}.Release|x64.Build.0 = Release|x64
		{B0275239-2026-4306-9CF0-4DADB7AD78BC}.Release|x86.ActiveCfg = Release|Win32
		{B0275239-2026-4306-9CF0-4DADB7AD78BC}.Release|x86.Build.0 = Release|Win32
		{D2BEA506-E76D-4131-BF5F-31A8FE08D5FF}.Debug|x64.ActiveCfg = Debug|x64
		{D2BEA506-E76D-4131-BF5F-31A8FE08D5FF}.Debug|x64.Build.0 = Debug|x64
		{D2BEA506-E76D-4131-BF5F-31A8FE08D5FF}.Debug|x86.ActiveCfg = Debug|Win32
		{D2BEA506-E76D-4131-BF5F-31A8FE08D5FF}.Debug|x86.Build.0 = Debug|Win32
		{D2BEA506-E76D-4131-BF5F-31A8FE08D5FF}.Release|x64.ActiveCfg = Release|x64
		{D2BEA506-E76D-4131-BF5F-31A8FE08D5FF}.Release|x64.Build.0 = Release|x64
		{D2BEA506-E76D-4131-BF5F-31A8FE08D5FF}.Release|x86.ActiveCfg = Release|Win32
		{D2BEA506-E76D-4131-BF5F-31A8FE08D5FF}.Release|x86.Build.0 = Release|Win32
		{22BF88D9-5A09-4F24-9DA6-90EC5DFA46E6}.Debug|x64.ActiveCfg = Debug|x64
		{22BF88D9-5A09-4F24-9DA6-90EC5DFA46E6}.Debug|x64.Build.0 = Debug|x64
		{22BF88D9-5A09-4F24-9DA6-90EC5DFA46E6}.Debug|x86.ActiveCfg = Debug|Win32
		{22BF88D9-5A09-4F24-9DA6-90EC5DFA46E6}.Debug|x86.Build.0 = Debug|Win32
		{22BF88D9-5A09-4F24-9DA6-90EC5DFA46E6}.Release|x64.ActiveCfg = Release|x64
		{22BF88D9-5A09-4F24-9DA6-90EC5DFA46E6}.Release|x64.Build.0 = Release|x64
		{22BF88D9-5A09-4F24-9DA6-90EC5DFA46E6}.Release|x86.ActiveCfg = Release|Win32
		{22BF88D9-5A09-4F24-9DA6-90EC5DFA46E6}.Release|x86.Build.0 = Release|Win32
		{9CFB9C14-2657-468A-A0E5-B0E14A4ADA8C}.Debug|x64.ActiveCfg = Debug|x64
		{9CFB9C14-2657-468A-A0E5-B0E14A4ADA8C}.Debug|x64.Build.0 = Debug|x64
		{9CFB9C14-2657-468A-A0E5-B0E14A4ADA8C}.Debug|x86.ActiveCfg = Debug|Win32
		{9CFB9C14-2657-468A-A0E5-B0E14A4ADA8C}.Debug|x86.Build.0 = Debug|Win32
		{9CFB9C14-2657-468A-A0E5-B0E14A4ADA8C}.Release|x64.ActiveCfg = Release|x64
		{9CFB9C14-2657-468A-A0E5-B0E14A4ADA8C}.Release|x64.Build.0 = Release|x64
		{9CFB9C14-2657-468A-A0E5-B0E14A4ADA8C}.Release|x86.ActiveCfg = Release|Win32
		{9CFB9C14-2657-468A-A0E5-B0E14A4ADA8C}.Release|x86.Build.0 = Release|Win32
		{891E3C76-37E6-47D7-BA9F-0FE5EF2C16A1}.Debug|x64.ActiveCfg = Debug|x64
		{891E3C76-37E6-47D7-BA9F-0FE5EF2C16A1}.Debug|x64.Build.0 = Debug|x64
		{891E3C76-37E6-47D7-BA9F-0FE5EF2C16A1}.Debug|x86.ActiveCfg = Debug|Win32
		{891E3C76-37E6-47D7-BA9F-0FE5EF2C16A1}.Debug|x86.Build.0 = Debug|Win32
		{891E3C76-37E6-47D7-BA9F-0FE5EF2C16A1}.Release|x64.ActiveCfg = Release|x64
		{891E3C76-37E6-47D7-BA9F-0FE5EF2C16A1}.Release|x64.Build.0 = Release|x64
		{891E3C76-37E6-47D7-BA9F-0FE5EF2C16A1}.Release|x86.ActiveCfg = Release|Win32
		{891E3C76-37E6-47D7-BA9F-0FE5EF2C16A1}.Release|x86.Build.0 = Release|Win32
		{9C6813F7-5963-4469-92D7-5BA50859ABC1}.Debug|x64.ActiveCfg = Debug|x64
		{9C6813F7-5963-4469-92D7-5BA50859ABC1}.Debug|x64.Build.0 = Debug|x64
		{9C6813F7-5963-4469-92D7-5BA50859ABC1}.Debug|x86.ActiveCfg = Debug|Win32
		{9C6813F7-5963-4469-92D7-5BA50859ABC1}.Debug|x86.Build.0 = Debug|Win32
		{9C6813F7-5963-4469-92D7-5BA50859ABC1}.Release|x64.ActiveCfg = Release|x64
		{9C6813F7-5963-4469-92D7-5BA50859ABC1}.Release|x64.Build.0 = Release|x64
		{9C6813F7-5963-4469-92D7-5BA50859ABC1}.Release|x86.ActiveCfg = Release|Win32
		{9C6813F7-5963-4469-92D7-5BA50859ABC1}.Release|x86.Build.0 = Release|Win32
		{6C5CF836-D920-43A9-A239-63B3C5AB38E1}.Debug|x64.ActiveCfg = Debug|x64
		{6C5CF836-D920-43A9-A239-63B3C5AB38E1}.Debug|x64.Build.0 = Debug|x64
		{6C5CF836-D920-43A9-A239-63B3C5AB38E1}.Debug|x86.ActiveCfg = Debug|Win32
		{6C5CF836-D920-43A9-A239-63B3C5AB38E1}.Debug|x86.Build.0 = Debug|Win32
		{6C5CF836-D920-43A9-A239-63B3C5AB38E1}.Release|x64.ActiveCfg = Release|x64
		{6C5CF836-D920-43A9-A239-63B3C5AB38E1}.Release|x64.Build.0 = Release|x64
		{6C5CF836-D920-43A9-A239-63B3C5AB38E1}.Release|x86.ActiveCfg = Release|Win32
		{6C5CF836-D920-43A9-A239-63B3C5AB38E1}.Release|x86.Build.0 = Release|Win32
		{A4CA70D1-3607-4BE8-B1E8-F5647421E8C4}.Debug|x64.ActiveCfg = Debug|x64
		{A4CA70D1-3607-4BE8-B1E8-F5647421E8C4}.Debug|x64.Build.0 = Debug|x64
		{A4CA70D1-3607-4BE8-B1E8-F5647421E8C4}.Debug|x86.ActiveCfg = Debug|Win32
		{A4CA70D1-3607-4BE8-B1E8-F5647421E8C4}.Debug|x86.Build.0 = Debug|Win32
		{A4CA70D1-3607-4BE8-B1E8-F5647421E8C4}.Release|x64.ActiveCfg = Release|x64
		{A4CA70D1-3607-4BE8-B1E8-F5647421E8C4}.Release|x64.Build.0 = Release|x64
		{A4CA70D1-3607-4BE8-B1E8-F5647421E8C4}.Release|x86.ActiveCfg = Release|Win32
		{A4CA70D1-3607-4BE8-B1E8-F5647421E8C4}.Release|x86.Build.0 = Release|Win32
		{D1E89343-874A-4C06-A1B4-4F78AC182F05}.Debug|x64.ActiveCfg = Debug|x64
		{D1E89343-874A-4C06-A1B4-4F78AC182F05}.Debug|x64.Build.0 = Debug|x64
		{D1E89343-874A-4C06-A1B4-4F78AC182F05}.Debug|x86.ActiveCfg = Debug|Win32
		{D1E89343-874A-4C06-A1B4-4F78AC182F05}.Debug|x86.Build.0 = Debug|Win32
		{D1E89343-874A-4C06-A1B4-4F78AC182F05}.Release|x64.ActiveCfg = Release|x64
		{D1E89343-874A-4C06-A1B4-4F78AC182F05}.Release|x64.Build.0 = Release|x64
		{D1E89343-874A-4C06-A1B4-4F78AC182F05}.Release|x86.ActiveCfg = Release|Win32
		{D1E89343-874A-4C06-A1B4-4F78AC182F05}.Release|x86.Build.0 = Release|Win32
		{539E3A1E-9201-40A3-BDA9-4802E9CD4221}.Debug|x64.ActiveCfg = Debug|x64
		{539E3A1E-9201-40A3-BDA9-4802E9CD4221}.Debug|x64.Build.0 = Debug|x64
		{539E3A1E-9201-40A3-BDA9-4802E9CD4221}.Debug|x86.ActiveCfg = Debug|Win32
		{539E3A1E-9201-40A3-BDA9-4802E9CD4221}.Debug|x86.Build.0 = Debug|Win32
		{539E3A1E-9201-40A3-BDA9-4802E9CD4221}.Release|x64.ActiveCfg = Release|x64
		{539E3A1E-9201-40A3-BDA9-4802E9CD4221}.Release|x64.Build.0 = Release|x64
		{539E3A1E-9201-40A3-BDA9-4802E9CD4221}.Release|x86.ActiveCfg = Release|Win32
		{539E3A1E-9201-40A3-BDA9-4802E9CD4221}.Release|x86.Build.0 = Release|Win32
	EndGlobalSection
	GlobalSection(SolutionProperties) = preSolution
		HideSolutionNode = FALSE
	EndGlobalSection
	GlobalSection(ExtensibilityGlobals) = postSolution
		SolutionGuid = {EA607B85-176F-4BEB-8D4A-9D44852B57FD}
	EndGlobalSection
EndGlobal
